
Microsoft Visual Studio Solution File, Format Version 12.00
# Visual Studio 15
VisualStudioVersion = 15.0.27428.2015
MinimumVisualStudioVersion = 10.0.40219.1
Project("{9A19103F-16F7-4668-BE54-9A1E7A4F7556}") = "Firma.Mvc", "Firma.Mvc\Firma.Mvc.csproj", "{1A06E4AF-EB92-413B-A6A2-36F72E2C89DE}"
EndProject
Project("{9A19103F-16F7-4668-BE54-9A1E7A4F7556}") = "Firma.Mvc.Tests", "Firma.Mvc.Tests\Firma.Mvc.Tests.csproj", "{786A53C7-C920-455D-80E2-280A73B60F7F}"
EndProject
Project("{9A19103F-16F7-4668-BE54-9A1E7A4F7556}") = "Firma.Mvc.IntegrationTest", "Firma.Mvc.IntegrationTest\Firma.Mvc.IntegrationTest.csproj", "{FBF3FAB0-E194-48E9-A775-BCE1EA5AE7E0}"
EndProject
Global
	GlobalSection(SolutionConfigurationPlatforms) = preSolution
		Debug|Any CPU = Debug|Any CPU
		Release|Any CPU = Release|Any CPU
	EndGlobalSection
	GlobalSection(ProjectConfigurationPlatforms) = postSolution
		{1A06E4AF-EB92-413B-A6A2-36F72E2C89DE}.Debug|Any CPU.ActiveCfg = Debug|Any CPU
		{1A06E4AF-EB92-413B-A6A2-36F72E2C89DE}.Debug|Any CPU.Build.0 = Debug|Any CPU
		{1A06E4AF-EB92-413B-A6A2-36F72E2C89DE}.Release|Any CPU.ActiveCfg = Release|Any CPU
		{1A06E4AF-EB92-413B-A6A2-36F72E2C89DE}.Release|Any CPU.Build.0 = Release|Any CPU
		{786A53C7-C920-455D-80E2-280A73B60F7F}.Debug|Any CPU.ActiveCfg = Debug|Any CPU
		{786A53C7-C920-455D-80E2-280A73B60F7F}.Debug|Any CPU.Build.0 = Debug|Any CPU
		{786A53C7-C920-455D-80E2-280A73B60F7F}.Release|Any CPU.ActiveCfg = Release|Any CPU
		{786A53C7-C920-455D-80E2-280A73B60F7F}.Release|Any CPU.Build.0 = Release|Any CPU
		{FBF3FAB0-E194-48E9-A775-BCE1EA5AE7E0}.Debug|Any CPU.ActiveCfg = Debug|Any CPU
		{FBF3FAB0-E194-48E9-A775-BCE1EA5AE7E0}.Debug|Any CPU.Build.0 = Debug|Any CPU
		{FBF3FAB0-E194-48E9-A775-BCE1EA5AE7E0}.Release|Any CPU.ActiveCfg = Release|Any CPU
		{FBF3FAB0-E194-48E9-A775-BCE1EA5AE7E0}.Release|Any CPU.Build.0 = Release|Any CPU
	EndGlobalSection
	GlobalSection(SolutionProperties) = preSolution
		HideSolutionNode = FALSE
	EndGlobalSection
	GlobalSection(ExtensibilityGlobals) = postSolution
		SolutionGuid = {1B07C35E-7627-4821-8D67-C97268D94390}
	EndGlobalSection
EndGlobal
