
Microsoft Visual Studio Solution File, Format Version 12.00
# Visual Studio 15
VisualStudioVersion = 15.0.27130.2027
MinimumVisualStudioVersion = 10.0.40219.1
Project("{9A19103F-16F7-4668-BE54-9A1E7A4F7556}") = "MotornaVozila", "MotornaVozila\MotornaVozila.csproj", "{C271A4B9-791E-4311-8241-5ECE744C3136}"
EndProject
Project("{9A19103F-16F7-4668-BE54-9A1E7A4F7556}") = "PoslovniPartner", "PoslovniPartner\PoslovniPartner.csproj", "{FB0B19D0-8545-48CC-AEFE-7674F617FEA4}"
EndProject
Project("{9A19103F-16F7-4668-BE54-9A1E7A4F7556}") = "Kadrovska", "Kadrovska\Kadrovska.csproj", "{49FBA9B7-F7F3-4245-B849-A927BDAB4E2F}"
EndProject
Project("{9A19103F-16F7-4668-BE54-9A1E7A4F7556}") = "Kompozicija", "Kompozicija\Kompozicija.csproj", "{AD11299D-95ED-40B1-88B0-332509AC6F63}"
EndProject
Project("{9A19103F-16F7-4668-BE54-9A1E7A4F7556}") = "Sucelje", "Sucelje\Sucelje.csproj", "{10257CB1-5305-4DC2-BBE2-48A166161033}"
EndProject
Project("{9A19103F-16F7-4668-BE54-9A1E7A4F7556}") = "Generics", "Generics\Generics.csproj", "{B5C8CA77-408A-42B0-895F-861435AC2BA2}"
EndProject
Project("{9A19103F-16F7-4668-BE54-9A1E7A4F7556}") = "CovarianceContravariance", "CovarianceContravariance\CovarianceContravariance.csproj", "{1E5C84E7-ECEA-4866-927D-825A0DA3E0DB}"
EndProject
Project("{9A19103F-16F7-4668-BE54-9A1E7A4F7556}") = "Delegati", "Delegati\Delegati.csproj", "{8418CF06-BAAB-4968-BD2B-3CF9E7C313B8}"
EndProject
Global
	GlobalSection(SolutionConfigurationPlatforms) = preSolution
		Debug|Any CPU = Debug|Any CPU
		Release|Any CPU = Release|Any CPU
	EndGlobalSection
	GlobalSection(ProjectConfigurationPlatforms) = postSolution
		{C271A4B9-791E-4311-8241-5ECE744C3136}.Debug|Any CPU.ActiveCfg = Debug|Any CPU
		{C271A4B9-791E-4311-8241-5ECE744C3136}.Debug|Any CPU.Build.0 = Debug|Any CPU
		{C271A4B9-791E-4311-8241-5ECE744C3136}.Release|Any CPU.ActiveCfg = Release|Any CPU
		{C271A4B9-791E-4311-8241-5ECE744C3136}.Release|Any CPU.Build.0 = Release|Any CPU
		{FB0B19D0-8545-48CC-AEFE-7674F617FEA4}.Debug|Any CPU.ActiveCfg = Debug|Any CPU
		{FB0B19D0-8545-48CC-AEFE-7674F617FEA4}.Debug|Any CPU.Build.0 = Debug|Any CPU
		{FB0B19D0-8545-48CC-AEFE-7674F617FEA4}.Release|Any CPU.ActiveCfg = Release|Any CPU
		{FB0B19D0-8545-48CC-AEFE-7674F617FEA4}.Release|Any CPU.Build.0 = Release|Any CPU
		{49FBA9B7-F7F3-4245-B849-A927BDAB4E2F}.Debug|Any CPU.ActiveCfg = Debug|Any CPU
		{49FBA9B7-F7F3-4245-B849-A927BDAB4E2F}.Debug|Any CPU.Build.0 = Debug|Any CPU
		{49FBA9B7-F7F3-4245-B849-A927BDAB4E2F}.Release|Any CPU.ActiveCfg = Release|Any CPU
		{49FBA9B7-F7F3-4245-B849-A927BDAB4E2F}.Release|Any CPU.Build.0 = Release|Any CPU
		{AD11299D-95ED-40B1-88B0-332509AC6F63}.Debug|Any CPU.ActiveCfg = Debug|Any CPU
		{AD11299D-95ED-40B1-88B0-332509AC6F63}.Debug|Any CPU.Build.0 = Debug|Any CPU
		{AD11299D-95ED-40B1-88B0-332509AC6F63}.Release|Any CPU.ActiveCfg = Release|Any CPU
		{AD11299D-95ED-40B1-88B0-332509AC6F63}.Release|Any CPU.Build.0 = Release|Any CPU
		{10257CB1-5305-4DC2-BBE2-48A166161033}.Debug|Any CPU.ActiveCfg = Debug|Any CPU
		{10257CB1-5305-4DC2-BBE2-48A166161033}.Debug|Any CPU.Build.0 = Debug|Any CPU
		{10257CB1-5305-4DC2-BBE2-48A166161033}.Release|Any CPU.ActiveCfg = Release|Any CPU
		{10257CB1-5305-4DC2-BBE2-48A166161033}.Release|Any CPU.Build.0 = Release|Any CPU
		{B5C8CA77-408A-42B0-895F-861435AC2BA2}.Debug|Any CPU.ActiveCfg = Debug|Any CPU
		{B5C8CA77-408A-42B0-895F-861435AC2BA2}.Debug|Any CPU.Build.0 = Debug|Any CPU
		{B5C8CA77-408A-42B0-895F-861435AC2BA2}.Release|Any CPU.ActiveCfg = Release|Any CPU
		{B5C8CA77-408A-42B0-895F-861435AC2BA2}.Release|Any CPU.Build.0 = Release|Any CPU
		{1E5C84E7-ECEA-4866-927D-825A0DA3E0DB}.Debug|Any CPU.ActiveCfg = Debug|Any CPU
		{1E5C84E7-ECEA-4866-927D-825A0DA3E0DB}.Debug|Any CPU.Build.0 = Debug|Any CPU
		{1E5C84E7-ECEA-4866-927D-825A0DA3E0DB}.Release|Any CPU.ActiveCfg = Release|Any CPU
		{1E5C84E7-ECEA-4866-927D-825A0DA3E0DB}.Release|Any CPU.Build.0 = Release|Any CPU
		{8418CF06-BAAB-4968-BD2B-3CF9E7C313B8}.Debug|Any CPU.ActiveCfg = Debug|Any CPU
		{8418CF06-BAAB-4968-BD2B-3CF9E7C313B8}.Debug|Any CPU.Build.0 = Debug|Any CPU
		{8418CF06-BAAB-4968-BD2B-3CF9E7C313B8}.Release|Any CPU.ActiveCfg = Release|Any CPU
		{8418CF06-BAAB-4968-BD2B-3CF9E7C313B8}.Release|Any CPU.Build.0 = Release|Any CPU
	EndGlobalSection
	GlobalSection(SolutionProperties) = preSolution
		HideSolutionNode = FALSE
	EndGlobalSection
	GlobalSection(ExtensibilityGlobals) = postSolution
		SolutionGuid = {B28CE987-2699-45E3-AF01-C948B55B45B2}
	EndGlobalSection
EndGlobal
